Microsoft Visual Studio Solution File, Format Version 12.00
# Visual Studio Version 17
VisualStudioVersion = 17.5.2.0
MinimumVisualStudioVersion = 10.0.40219.1
Project("{FAE04EC0-301F-11D3-BF4B-00C04F79EFBC}") = "factory-method", "factory-method.csproj", "{7934EA06-8C70-7C7A-4BAB-F36A964FF564}"
EndProject
Global
	GlobalSection(SolutionConfigurationPlatforms) = preSolution
		Debug|Any CPU = Debug|Any CPU
		Release|Any CPU = Release|Any CPU
	EndGlobalSection
	GlobalSection(ProjectConfigurationPlatforms) = postSolution
		{7934EA06-8C70-7C7A-4BAB-F36A964FF564}.Debug|Any CPU.ActiveCfg = Debug|Any CPU
		{7934EA06-8C70-7C7A-4BAB-F36A964FF564}.Debug|Any CPU.Build.0 = Debug|Any CPU
		{7934EA06-8C70-7C7A-4BAB-F36A964FF564}.Release|Any CPU.ActiveCfg = Release|Any CPU
		{7934EA06-8C70-7C7A-4BAB-F36A964FF564}.Release|Any CPU.Build.0 = Release|Any CPU
	EndGlobalSection
	GlobalSection(SolutionProperties) = preSolution
		HideSolutionNode = FALSE
	EndGlobalSection
	GlobalSection(ExtensibilityGlobals) = postSolution
		SolutionGuid = {27941E3E-2383-4B2C-B99D-60F070C1BA6B}
	EndGlobalSection
EndGlobal
