Microsoft Visual Studio Solution File, Format Version 12.00
# Visual Studio Version 17
VisualStudioVersion = 17.5.2.0
MinimumVisualStudioVersion = 10.0.40219.1
Project("{FAE04EC0-301F-11D3-BF4B-00C04F79EFBC}") = "solid", "solid.csproj", "{1FFAE996-9AD3-6613-635A-409ED29CFAEA}"
EndProject
Global
	GlobalSection(SolutionConfigurationPlatforms) = preSolution
		Debug|Any CPU = Debug|Any CPU
		Release|Any CPU = Release|Any CPU
	EndGlobalSection
	GlobalSection(ProjectConfigurationPlatforms) = postSolution
		{1FFAE996-9AD3-6613-635A-409ED29CFAEA}.Debug|Any CPU.ActiveCfg = Debug|Any CPU
		{1FFAE996-9AD3-6613-635A-409ED29CFAEA}.Debug|Any CPU.Build.0 = Debug|Any CPU
		{1FFAE996-9AD3-6613-635A-409ED29CFAEA}.Release|Any CPU.ActiveCfg = Release|Any CPU
		{1FFAE996-9AD3-6613-635A-409ED29CFAEA}.Release|Any CPU.Build.0 = Release|Any CPU
	EndGlobalSection
	GlobalSection(SolutionProperties) = preSolution
		HideSolutionNode = FALSE
	EndGlobalSection
	GlobalSection(ExtensibilityGlobals) = postSolution
		SolutionGuid = {5C9E9E28-9676-4454-A3A5-D72DF8E0A995}
	EndGlobalSection
EndGlobal
