Microsoft Visual Studio Solution File, Format Version 12.00
# Visual Studio Version 17
VisualStudioVersion = 17.5.2.0
MinimumVisualStudioVersion = 10.0.40219.1
Project("{FAE04EC0-301F-11D3-BF4B-00C04F79EFBC}") = "busqueda-binaria", "busqueda-binaria.csproj", "{B11467E6-AA3F-43C8-AEC6-EE4F603A697E}"
EndProject
Global
	GlobalSection(SolutionConfigurationPlatforms) = preSolution
		Debug|Any CPU = Debug|Any CPU
		Release|Any CPU = Release|Any CPU
	EndGlobalSection
	GlobalSection(ProjectConfigurationPlatforms) = postSolution
		{B11467E6-AA3F-43C8-AEC6-EE4F603A697E}.Debug|Any CPU.ActiveCfg = Debug|Any CPU
		{B11467E6-AA3F-43C8-AEC6-EE4F603A697E}.Debug|Any CPU.Build.0 = Debug|Any CPU
		{B11467E6-AA3F-43C8-AEC6-EE4F603A697E}.Release|Any CPU.ActiveCfg = Release|Any CPU
		{B11467E6-AA3F-43C8-AEC6-EE4F603A697E}.Release|Any CPU.Build.0 = Release|Any CPU
	EndGlobalSection
	GlobalSection(SolutionProperties) = preSolution
		HideSolutionNode = FALSE
	EndGlobalSection
	GlobalSection(ExtensibilityGlobals) = postSolution
		SolutionGuid = {F7E03F78-D0A5-44EC-8664-61C074168870}
	EndGlobalSection
EndGlobal
