Microsoft Visual Studio Solution File, Format Version 12.00
# Visual Studio Version 17
VisualStudioVersion = 17.5.2.0
MinimumVisualStudioVersion = 10.0.40219.1
Project("{FAE04EC0-301F-11D3-BF4B-00C04F79EFBC}") = "resume", "resume.csproj", "{48593262-14A7-0C8D-5051-81620038DC9E}"
EndProject
Global
	GlobalSection(SolutionConfigurationPlatforms) = preSolution
		Debug|Any CPU = Debug|Any CPU
		Release|Any CPU = Release|Any CPU
	EndGlobalSection
	GlobalSection(ProjectConfigurationPlatforms) = postSolution
		{48593262-14A7-0C8D-5051-81620038DC9E}.Debug|Any CPU.ActiveCfg = Debug|Any CPU
		{48593262-14A7-0C8D-5051-81620038DC9E}.Debug|Any CPU.Build.0 = Debug|Any CPU
		{48593262-14A7-0C8D-5051-81620038DC9E}.Release|Any CPU.ActiveCfg = Release|Any CPU
		{48593262-14A7-0C8D-5051-81620038DC9E}.Release|Any CPU.Build.0 = Release|Any CPU
	EndGlobalSection
	GlobalSection(SolutionProperties) = preSolution
		HideSolutionNode = FALSE
	EndGlobalSection
	GlobalSection(ExtensibilityGlobals) = postSolution
		SolutionGuid = {B52A8C13-A8E8-4198-9A02-0B71BC474405}
	EndGlobalSection
EndGlobal
