
Microsoft Visual Studio Solution File, Format Version 12.00
# Visual Studio Version 17
VisualStudioVersion = 17.14.36327.8 d17.14
MinimumVisualStudioVersion = 10.0.40219.1
Project("{FAE04EC0-301F-11D3-BF4B-00C04F79EFBC}") = "Detectores.Api", "Detectores.Api\Detectores.Api.csproj", "{93082556-3134-4442-A9FA-6E30E3F2BA07}"
EndProject
Project("{FAE04EC0-301F-11D3-BF4B-00C04F79EFBC}") = "Detectores.Mobile", "Detectores.Mobile\Detectores.Mobile.csproj", "{ED13174D-DA53-4E2B-B7CB-8160CAC3E0AA}"
EndProject
Project("{FAE04EC0-301F-11D3-BF4B-00C04F79EFBC}") = "Detector.Models", "Detector.Models\Detector.Models.csproj", "{0A82A375-2573-4F35-82C2-3643F480D349}"
EndProject
Global
	GlobalSection(SolutionConfigurationPlatforms) = preSolution
		Debug|Any CPU = Debug|Any CPU
		Release|Any CPU = Release|Any CPU
	EndGlobalSection
	GlobalSection(ProjectConfigurationPlatforms) = postSolution
		{93082556-3134-4442-A9FA-6E30E3F2BA07}.Debug|Any CPU.ActiveCfg = Debug|Any CPU
		{93082556-3134-4442-A9FA-6E30E3F2BA07}.Debug|Any CPU.Build.0 = Debug|Any CPU
		{93082556-3134-4442-A9FA-6E30E3F2BA07}.Release|Any CPU.ActiveCfg = Release|Any CPU
		{93082556-3134-4442-A9FA-6E30E3F2BA07}.Release|Any CPU.Build.0 = Release|Any CPU
		{ED13174D-DA53-4E2B-B7CB-8160CAC3E0AA}.Debug|Any CPU.ActiveCfg = Debug|Any CPU
		{ED13174D-DA53-4E2B-B7CB-8160CAC3E0AA}.Debug|Any CPU.Build.0 = Debug|Any CPU
		{ED13174D-DA53-4E2B-B7CB-8160CAC3E0AA}.Debug|Any CPU.Deploy.0 = Debug|Any CPU
		{ED13174D-DA53-4E2B-B7CB-8160CAC3E0AA}.Release|Any CPU.ActiveCfg = Release|Any CPU
		{ED13174D-DA53-4E2B-B7CB-8160CAC3E0AA}.Release|Any CPU.Build.0 = Release|Any CPU
		{ED13174D-DA53-4E2B-B7CB-8160CAC3E0AA}.Release|Any CPU.Deploy.0 = Release|Any CPU
		{0A82A375-2573-4F35-82C2-3643F480D349}.Debug|Any CPU.ActiveCfg = Debug|Any CPU
		{0A82A375-2573-4F35-82C2-3643F480D349}.Debug|Any CPU.Build.0 = Debug|Any CPU
		{0A82A375-2573-4F35-82C2-3643F480D349}.Release|Any CPU.ActiveCfg = Release|Any CPU
		{0A82A375-2573-4F35-82C2-3643F480D349}.Release|Any CPU.Build.0 = Release|Any CPU
	EndGlobalSection
	GlobalSection(SolutionProperties) = preSolution
		HideSolutionNode = FALSE
	EndGlobalSection
	GlobalSection(ExtensibilityGlobals) = postSolution
		SolutionGuid = {B9AA24B3-0CF5-4A7A-ACD6-D29B06679C0F}
	EndGlobalSection
EndGlobal
