Microsoft Visual Studio Solution File, Format Version 12.00
# Visual Studio Version 17
VisualStudioVersion = 17.5.2.0
MinimumVisualStudioVersion = 10.0.40219.1
Project("{FAE04EC0-301F-11D3-BF4B-00C04F79EFBC}") = "conexion-sql", "conexion-sql.csproj", "{906CBCD6-7E69-21F8-C489-909A528BC6C3}"
EndProject
Global
	GlobalSection(SolutionConfigurationPlatforms) = preSolution
		Debug|Any CPU = Debug|Any CPU
		Release|Any CPU = Release|Any CPU
	EndGlobalSection
	GlobalSection(ProjectConfigurationPlatforms) = postSolution
		{906CBCD6-7E69-21F8-C489-909A528BC6C3}.Debug|Any CPU.ActiveCfg = Debug|Any CPU
		{906CBCD6-7E69-21F8-C489-909A528BC6C3}.Debug|Any CPU.Build.0 = Debug|Any CPU
		{906CBCD6-7E69-21F8-C489-909A528BC6C3}.Release|Any CPU.ActiveCfg = Release|Any CPU
		{906CBCD6-7E69-21F8-C489-909A528BC6C3}.Release|Any CPU.Build.0 = Release|Any CPU
	EndGlobalSection
	GlobalSection(SolutionProperties) = preSolution
		HideSolutionNode = FALSE
	EndGlobalSection
	GlobalSection(ExtensibilityGlobals) = postSolution
		SolutionGuid = {4C0EC29B-3D67-45BB-95AB-19A75CD2EDE0}
	EndGlobalSection
EndGlobal
