
Microsoft Visual Studio Solution File, Format Version 12.00
# Visual Studio Version 17
VisualStudioVersion = 17.14.36327.8 d17.14
MinimumVisualStudioVersion = 10.0.40219.1
Project("{FAE04EC0-301F-11D3-BF4B-00C04F79EFBC}") = "MiPrimeraApp", "MiPrimeraApp\MiPrimeraApp.csproj", "{8055A9E1-655B-41C1-8E5C-6A1E149E4AAF}"
EndProject
Global
	GlobalSection(SolutionConfigurationPlatforms) = preSolution
		Debug|Any CPU = Debug|Any CPU
		Release|Any CPU = Release|Any CPU
	EndGlobalSection
	GlobalSection(ProjectConfigurationPlatforms) = postSolution
		{8055A9E1-655B-41C1-8E5C-6A1E149E4AAF}.Debug|Any CPU.ActiveCfg = Debug|Any CPU
		{8055A9E1-655B-41C1-8E5C-6A1E149E4AAF}.Debug|Any CPU.Build.0 = Debug|Any CPU
		{8055A9E1-655B-41C1-8E5C-6A1E149E4AAF}.Debug|Any CPU.Deploy.0 = Debug|Any CPU
		{8055A9E1-655B-41C1-8E5C-6A1E149E4AAF}.Release|Any CPU.ActiveCfg = Release|Any CPU
		{8055A9E1-655B-41C1-8E5C-6A1E149E4AAF}.Release|Any CPU.Build.0 = Release|Any CPU
		{8055A9E1-655B-41C1-8E5C-6A1E149E4AAF}.Release|Any CPU.Deploy.0 = Release|Any CPU
	EndGlobalSection
	GlobalSection(SolutionProperties) = preSolution
		HideSolutionNode = FALSE
	EndGlobalSection
	GlobalSection(ExtensibilityGlobals) = postSolution
		SolutionGuid = {B5B79389-C463-4480-B90B-6B485230B873}
	EndGlobalSection
EndGlobal
